
Microsoft Visual Studio Solution File, Format Version 12.00
# Visual Studio Version 17
VisualStudioVersion = 17.6.33829.357
MinimumVisualStudioVersion = 10.0.40219.1
Project("{FAE04EC0-301F-11D3-BF4B-00C04F79EFBC}") = "Reversi", "Reversi\Reversi.csproj", "{16A738D0-DC0A-405C-A031-01766F86950E}"
EndProject
Global
	GlobalSection(SolutionConfigurationPlatforms) = preSolution
		Debug|Any CPU = Debug|Any CPU
		Release|Any CPU = Release|Any CPU
	EndGlobalSection
	GlobalSection(ProjectConfigurationPlatforms) = postSolution
		{16A738D0-DC0A-405C-A031-01766F86950E}.Debug|Any CPU.ActiveCfg = Debug|Any CPU
		{16A738D0-DC0A-405C-A031-01766F86950E}.Debug|Any CPU.Build.0 = Debug|Any CPU
		{16A738D0-DC0A-405C-A031-01766F86950E}.Release|Any CPU.ActiveCfg = Release|Any CPU
		{16A738D0-DC0A-405C-A031-01766F86950E}.Release|Any CPU.Build.0 = Release|Any CPU
	EndGlobalSection
	GlobalSection(SolutionProperties) = preSolution
		HideSolutionNode = FALSE
	EndGlobalSection
	GlobalSection(ExtensibilityGlobals) = postSolution
		SolutionGuid = {C5CBA473-E250-4225-8384-9967DF54366C}
	EndGlobalSection
EndGlobal
